
Microsoft Visual Studio Solution File, Format Version 12.00
# Visual Studio 2013
VisualStudioVersion = 12.0.30723.0
MinimumVisualStudioVersion = 10.0.40219.1
Project("{FAE04EC0-301F-11D3-BF4B-00C04F79EFBC}") = "ClassLibrary1", "ClassLibrary1\ClassLibrary1.csproj", "{AFFB90EF-6AD5-40CD-9D91-BD9B5E03894A}"
EndProject
Project("{FAE04EC0-301F-11D3-BF4B-00C04F79EFBC}") = "UnitTestProject1", "UnitTestProject1\UnitTestProject1.csproj", "{A20A2691-3DB2-44BB-B656-D20D2A4B6A99}"
EndProject
Global
	GlobalSection(SolutionConfigurationPlatforms) = preSolution
		Debug|Any CPU = Debug|Any CPU
		Release|Any CPU = Release|Any CPU
	EndGlobalSection
	GlobalSection(ProjectConfigurationPlatforms) = postSolution
		{AFFB90EF-6AD5-40CD-9D91-BD9B5E03894A}.Debug|Any CPU.ActiveCfg = Debug|Any CPU
		{AFFB90EF-6AD5-40CD-9D91-BD9B5E03894A}.Debug|Any CPU.Build.0 = Debug|Any CPU
		{AFFB90EF-6AD5-40CD-9D91-BD9B5E03894A}.Release|Any CPU.ActiveCfg = Release|Any CPU
		{AFFB90EF-6AD5-40CD-9D91-BD9B5E03894A}.Release|Any CPU.Build.0 = Release|Any CPU
		{A20A2691-3DB2-44BB-B656-D20D2A4B6A99}.Debug|Any CPU.ActiveCfg = Debug|Any CPU
		{A20A2691-3DB2-44BB-B656-D20D2A4B6A99}.Debug|Any CPU.Build.0 = Debug|Any CPU
		{A20A2691-3DB2-44BB-B656-D20D2A4B6A99}.Release|Any CPU.ActiveCfg = Release|Any CPU
		{A20A2691-3DB2-44BB-B656-D20D2A4B6A99}.Release|Any CPU.Build.0 = Release|Any CPU
	EndGlobalSection
	GlobalSection(SolutionProperties) = preSolution
		HideSolutionNode = FALSE
	EndGlobalSection
EndGlobal
